
Microsoft Visual Studio Solution File, Format Version 12.00
# Visual Studio Version 17
VisualStudioVersion = 17.14.36202.13 d17.14
MinimumVisualStudioVersion = 10.0.40219.1
Project("{FAE04EC0-301F-11D3-BF4B-00C04F79EFBC}") = "DotNetExercise.ConsoleApp", "DotNetExercise.ConsoleApp\DotNetExercise.ConsoleApp.csproj", "{6098B607-ABFF-47BF-A11B-CF2327E6E33D}"
EndProject
Global
	GlobalSection(SolutionConfigurationPlatforms) = preSolution
		Debug|Any CPU = Debug|Any CPU
		Release|Any CPU = Release|Any CPU
	EndGlobalSection
	GlobalSection(ProjectConfigurationPlatforms) = postSolution
		{6098B607-ABFF-47BF-A11B-CF2327E6E33D}.Debug|Any CPU.ActiveCfg = Debug|Any CPU
		{6098B607-ABFF-47BF-A11B-CF2327E6E33D}.Debug|Any CPU.Build.0 = Debug|Any CPU
		{6098B607-ABFF-47BF-A11B-CF2327E6E33D}.Release|Any CPU.ActiveCfg = Release|Any CPU
		{6098B607-ABFF-47BF-A11B-CF2327E6E33D}.Release|Any CPU.Build.0 = Release|Any CPU
	EndGlobalSection
	GlobalSection(SolutionProperties) = preSolution
		HideSolutionNode = FALSE
	EndGlobalSection
	GlobalSection(ExtensibilityGlobals) = postSolution
		SolutionGuid = {47B024EC-0622-40DA-9F43-04A58F10FCFC}
	EndGlobalSection
EndGlobal
